// !$*UTF8*$!
{
	archiveVersion = 1;
	classes = {
	};
	objectVersion = 50;
	objects = {

/* Begin PBXBuildFile section */
		3D26806927EB042300868DE5 /* YJYRouterMiddleWare.swift in Sources */ = {isa = PBXBuildFile; fileRef = 3D26806027EB042200868DE5 /* YJYRouterMiddleWare.swift */; };
		3D26806A27EB042300868DE5 /* YJYRouterReuqest.swift in Sources */ = {isa = PBXBuildFile; fileRef = 3D26806127EB042200868DE5 /* YJYRouterReuqest.swift */; };
		3D26806B27EB042300868DE5 /* YJYRouterTool.swift in Sources */ = {isa = PBXBuildFile; fileRef = 3D26806227EB042200868DE5 /* YJYRouterTool.swift */; };
		3D26806C27EB042300868DE5 /* YJYRouterNode.swift in Sources */ = {isa = PBXBuildFile; fileRef = 3D26806327EB042200868DE5 /* YJYRouterNode.swift */; };
		3D26806D27EB042300868DE5 /* YJYRouterError.swift in Sources */ = {isa = PBXBuildFile; fileRef = 3D26806427EB042200868DE5 /* YJYRouterError.swift */; };
		3D26806E27EB042300868DE5 /* YJYRouterPathComponent.swift in Sources */ = {isa = PBXBuildFile; fileRef = 3D26806527EB042200868DE5 /* YJYRouterPathComponent.swift */; };
		3D26806F27EB042300868DE5 /* YJYRouterString+Extension.swift in Sources */ = {isa = PBXBuildFile; fileRef = 3D26806627EB042300868DE5 /* YJYRouterString+Extension.swift */; };
		3D26807027EB042300868DE5 /* YJYRouterParameters.swift in Sources */ = {isa = PBXBuildFile; fileRef = 3D26806727EB042300868DE5 /* YJYRouterParameters.swift */; };
		3D26807127EB042300868DE5 /* YJYRouter.swift in Sources */ = {isa = PBXBuildFile; fileRef = 3D26806827EB042300868DE5 /* YJYRouter.swift */; };
		3D26807327EB052D00868DE5 /* YJYBRequest.swift in Sources */ = {isa = PBXBuildFile; fileRef = 3D26807227EB052D00868DE5 /* YJYBRequest.swift */; };
		3D26807527EB055900868DE5 /* YJYWebRequest.swift in Sources */ = {isa = PBXBuildFile; fileRef = 3D26807427EB055900868DE5 /* YJYWebRequest.swift */; };
		B567AF6B21F89E5B00A017AE /* AppDelegate.swift in Sources */ = {isa = PBXBuildFile; fileRef = B567AF6A21F89E5B00A017AE /* AppDelegate.swift */; };
		B567AF6D21F89E5B00A017AE /* ViewController.swift in Sources */ = {isa = PBXBuildFile; fileRef = B567AF6C21F89E5B00A017AE /* ViewController.swift */; };
		B567AF7021F89E5B00A017AE /* Main.storyboard in Resources */ = {isa = PBXBuildFile; fileRef = B567AF6E21F89E5B00A017AE /* Main.storyboard */; };
		B567AF7221F89E5C00A017AE /* Assets.xcassets in Resources */ = {isa = PBXBuildFile; fileRef = B567AF7121F89E5C00A017AE /* Assets.xcassets */; };
		B567AF7521F89E5C00A017AE /* LaunchScreen.storyboard in Resources */ = {isa = PBXBuildFile; fileRef = B567AF7321F89E5C00A017AE /* LaunchScreen.storyboard */; };
		B567AF8321F8A0EF00A017AE /* BViewController.swift in Sources */ = {isa = PBXBuildFile; fileRef = B567AF8221F8A0EF00A017AE /* BViewController.swift */; };
		B567AF8521F8A39800A017AE /* WebViewController.swift in Sources */ = {isa = PBXBuildFile; fileRef = B567AF8421F8A39800A017AE /* WebViewController.swift */; };
/* End PBXBuildFile section */

/* Begin PBXFileReference section */
		3D26806027EB042200868DE5 /* YJYRouterMiddleWare.swift */ = {isa = PBXFileReference; fileEncoding = 4; lastKnownFileType = sourcecode.swift; path = YJYRouterMiddleWare.swift; sourceTree = "<group>"; };
		3D26806127EB042200868DE5 /* YJYRouterReuqest.swift */ = {isa = PBXFileReference; fileEncoding = 4; lastKnownFileType = sourcecode.swift; path = YJYRouterReuqest.swift; sourceTree = "<group>"; };
		3D26806227EB042200868DE5 /* YJYRouterTool.swift */ = {isa = PBXFileReference; fileEncoding = 4; lastKnownFileType = sourcecode.swift; path = YJYRouterTool.swift; sourceTree = "<group>"; };
		3D26806327EB042200868DE5 /* YJYRouterNode.swift */ = {isa = PBXFileReference; fileEncoding = 4; lastKnownFileType = sourcecode.swift; path = YJYRouterNode.swift; sourceTree = "<group>"; };
		3D26806427EB042200868DE5 /* YJYRouterError.swift */ = {isa = PBXFileReference; fileEncoding = 4; lastKnownFileType = sourcecode.swift; path = YJYRouterError.swift; sourceTree = "<group>"; };
		3D26806527EB042200868DE5 /* YJYRouterPathComponent.swift */ = {isa = PBXFileReference; fileEncoding = 4; lastKnownFileType = sourcecode.swift; path = YJYRouterPathComponent.swift; sourceTree = "<group>"; };
		3D26806627EB042300868DE5 /* YJYRouterString+Extension.swift */ = {isa = PBXFileReference; fileEncoding = 4; lastKnownFileType = sourcecode.swift; path = "YJYRouterString+Extension.swift"; sourceTree = "<group>"; };
		3D26806727EB042300868DE5 /* YJYRouterParameters.swift */ = {isa = PBXFileReference; fileEncoding = 4; lastKnownFileType = sourcecode.swift; path = YJYRouterParameters.swift; sourceTree = "<group>"; };
		3D26806827EB042300868DE5 /* YJYRouter.swift */ = {isa = PBXFileReference; fileEncoding = 4; lastKnownFileType = sourcecode.swift; path = YJYRouter.swift; sourceTree = "<group>"; };
		3D26807227EB052D00868DE5 /* YJYBRequest.swift */ = {isa = PBXFileReference; lastKnownFileType = sourcecode.swift; path = YJYBRequest.swift; sourceTree = "<group>"; };
		3D26807427EB055900868DE5 /* YJYWebRequest.swift */ = {isa = PBXFileReference; lastKnownFileType = sourcecode.swift; path = YJYWebRequest.swift; sourceTree = "<group>"; };
		B567AF6721F89E5B00A017AE /* JYRouter.app */ = {isa = PBXFileReference; explicitFileType = wrapper.application; includeInIndex = 0; path = JYRouter.app; sourceTree = BUILT_PRODUCTS_DIR; };
		B567AF6A21F89E5B00A017AE /* AppDelegate.swift */ = {isa = PBXFileReference; lastKnownFileType = sourcecode.swift; path = AppDelegate.swift; sourceTree = "<group>"; };
		B567AF6C21F89E5B00A017AE /* ViewController.swift */ = {isa = PBXFileReference; lastKnownFileType = sourcecode.swift; path = ViewController.swift; sourceTree = "<group>"; };
		B567AF6F21F89E5B00A017AE /* Base */ = {isa = PBXFileReference; lastKnownFileType = file.storyboard; name = Base; path = Base.lproj/Main.storyboard; sourceTree = "<group>"; };
		B567AF7121F89E5C00A017AE /* Assets.xcassets */ = {isa = PBXFileReference; lastKnownFileType = folder.assetcatalog; path = Assets.xcassets; sourceTree = "<group>"; };
		B567AF7421F89E5C00A017AE /* Base */ = {isa = PBXFileReference; lastKnownFileType = file.storyboard; name = Base; path = Base.lproj/LaunchScreen.storyboard; sourceTree = "<group>"; };
		B567AF7621F89E5C00A017AE /* Info.plist */ = {isa = PBXFileReference; lastKnownFileType = text.plist.xml; path = Info.plist; sourceTree = "<group>"; };
		B567AF8221F8A0EF00A017AE /* BViewController.swift */ = {isa = PBXFileReference; lastKnownFileType = sourcecode.swift; path = BViewController.swift; sourceTree = "<group>"; };
		B567AF8421F8A39800A017AE /* WebViewController.swift */ = {isa = PBXFileReference; fileEncoding = 4; lastKnownFileType = sourcecode.swift; path = WebViewController.swift; sourceTree = "<group>"; };
/* End PBXFileReference section */

/* Begin PBXFrameworksBuildPhase section */
		B567AF6421F89E5B00A017AE /* Frameworks */ = {
			isa = PBXFrameworksBuildPhase;
			buildActionMask = 2147483647;
			files = (
			);
			runOnlyForDeploymentPostprocessing = 0;
		};
/* End PBXFrameworksBuildPhase section */

/* Begin PBXGroup section */
		B567AF5E21F89E5B00A017AE = {
			isa = PBXGroup;
			children = (
				B567AF6921F89E5B00A017AE /* JYRouter */,
				B567AF6821F89E5B00A017AE /* Products */,
			);
			sourceTree = "<group>";
		};
		B567AF6821F89E5B00A017AE /* Products */ = {
			isa = PBXGroup;
			children = (
				B567AF6721F89E5B00A017AE /* JYRouter.app */,
			);
			name = Products;
			sourceTree = "<group>";
		};
		B567AF6921F89E5B00A017AE /* JYRouter */ = {
			isa = PBXGroup;
			children = (
				B5CC7524220178BF009AC060 /* Source */,
				B5CC752B22017906009AC060 /* Resources */,
				B567AF6A21F89E5B00A017AE /* AppDelegate.swift */,
				B567AF6C21F89E5B00A017AE /* ViewController.swift */,
				B567AF8221F8A0EF00A017AE /* BViewController.swift */,
				B567AF8421F8A39800A017AE /* WebViewController.swift */,
				3D26807227EB052D00868DE5 /* YJYBRequest.swift */,
				3D26807427EB055900868DE5 /* YJYWebRequest.swift */,
				B567AF7621F89E5C00A017AE /* Info.plist */,
			);
			path = JYRouter;
			sourceTree = "<group>";
		};
		B5CC7524220178BF009AC060 /* Source */ = {
			isa = PBXGroup;
			children = (
				3D26806827EB042300868DE5 /* YJYRouter.swift */,
				3D26806427EB042200868DE5 /* YJYRouterError.swift */,
				3D26806027EB042200868DE5 /* YJYRouterMiddleWare.swift */,
				3D26806327EB042200868DE5 /* YJYRouterNode.swift */,
				3D26806727EB042300868DE5 /* YJYRouterParameters.swift */,
				3D26806527EB042200868DE5 /* YJYRouterPathComponent.swift */,
				3D26806127EB042200868DE5 /* YJYRouterReuqest.swift */,
				3D26806627EB042300868DE5 /* YJYRouterString+Extension.swift */,
				3D26806227EB042200868DE5 /* YJYRouterTool.swift */,
			);
			name = Source;
			path = ../../Source;
			sourceTree = "<group>";
		};
		B5CC752B22017906009AC060 /* Resources */ = {
			isa = PBXGroup;
			children = (
				B567AF7321F89E5C00A017AE /* LaunchScreen.storyboard */,
				B567AF6E21F89E5B00A017AE /* Main.storyboard */,
				B567AF7121F89E5C00A017AE /* Assets.xcassets */,
			);
			path = Resources;
			sourceTree = "<group>";
		};
/* End PBXGroup section */

/* Begin PBXNativeTarget section */
		B567AF6621F89E5B00A017AE /* JYRouter */ = {
			isa = PBXNativeTarget;
			buildConfigurationList = B567AF7921F89E5C00A017AE /* Build configuration list for PBXNativeTarget "JYRouter" */;
			buildPhases = (
				B567AF6321F89E5B00A017AE /* Sources */,
				B567AF6421F89E5B00A017AE /* Frameworks */,
				B567AF6521F89E5B00A017AE /* Resources */,
			);
			buildRules = (
			);
			dependencies = (
			);
			name = JYRouter;
			productName = JYRouter;
			productReference = B567AF6721F89E5B00A017AE /* JYRouter.app */;
			productType = "com.apple.product-type.application";
		};
/* End PBXNativeTarget section */

/* Begin PBXProject section */
		B567AF5F21F89E5B00A017AE /* Project object */ = {
			isa = PBXProject;
			attributes = {
				LastSwiftUpdateCheck = 1010;
				LastUpgradeCheck = 1330;
				ORGANIZATIONNAME = Keyon;
				TargetAttributes = {
					B567AF6621F89E5B00A017AE = {
						CreatedOnToolsVersion = 10.1;
						LastSwiftMigration = 1330;
					};
				};
			};
			buildConfigurationList = B567AF6221F89E5B00A017AE /* Build configuration list for PBXProject "JYRouter" */;
			compatibilityVersion = "Xcode 9.3";
			developmentRegion = en;
			hasScannedForEncodings = 0;
			knownRegions = (
				en,
				Base,
			);
			mainGroup = B567AF5E21F89E5B00A017AE;
			productRefGroup = B567AF6821F89E5B00A017AE /* Products */;
			projectDirPath = "";
			projectRoot = "";
			targets = (
				B567AF6621F89E5B00A017AE /* JYRouter */,
			);
		};
/* End PBXProject section */

/* Begin PBXResourcesBuildPhase section */
		B567AF6521F89E5B00A017AE /* Resources */ = {
			isa = PBXResourcesBuildPhase;
			buildActionMask = 2147483647;
			files = (
				B567AF7521F89E5C00A017AE /* LaunchScreen.storyboard in Resources */,
				B567AF7221F89E5C00A017AE /* Assets.xcassets in Resources */,
				B567AF7021F89E5B00A017AE /* Main.storyboard in Resources */,
			);
			runOnlyForDeploymentPostprocessing = 0;
		};
/* End PBXResourcesBuildPhase section */

/* Begin PBXSourcesBuildPhase section */
		B567AF6321F89E5B00A017AE /* Sources */ = {
			isa = PBXSourcesBuildPhase;
			buildActionMask = 2147483647;
			files = (
				3D26806D27EB042300868DE5 /* YJYRouterError.swift in Sources */,
				3D26806B27EB042300868DE5 /* YJYRouterTool.swift in Sources */,
				3D26806E27EB042300868DE5 /* YJYRouterPathComponent.swift in Sources */,
				3D26807027EB042300868DE5 /* YJYRouterParameters.swift in Sources */,
				B567AF6D21F89E5B00A017AE /* ViewController.swift in Sources */,
				B567AF8321F8A0EF00A017AE /* BViewController.swift in Sources */,
				3D26806C27EB042300868DE5 /* YJYRouterNode.swift in Sources */,
				3D26807527EB055900868DE5 /* YJYWebRequest.swift in Sources */,
				3D26807327EB052D00868DE5 /* YJYBRequest.swift in Sources */,
				B567AF8521F8A39800A017AE /* WebViewController.swift in Sources */,
				3D26807127EB042300868DE5 /* YJYRouter.swift in Sources */,
				3D26806F27EB042300868DE5 /* YJYRouterString+Extension.swift in Sources */,
				3D26806927EB042300868DE5 /* YJYRouterMiddleWare.swift in Sources */,
				B567AF6B21F89E5B00A017AE /* AppDelegate.swift in Sources */,
				3D26806A27EB042300868DE5 /* YJYRouterReuqest.swift in Sources */,
			);
			runOnlyForDeploymentPostprocessing = 0;
		};
/* End PBXSourcesBuildPhase section */

/* Begin PBXVariantGroup section */
		B567AF6E21F89E5B00A017AE /* Main.storyboard */ = {
			isa = PBXVariantGroup;
			children = (
				B567AF6F21F89E5B00A017AE /* Base */,
			);
			name = Main.storyboard;
			sourceTree = "<group>";
		};
		B567AF7321F89E5C00A017AE /* LaunchScreen.storyboard */ = {
			isa = PBXVariantGroup;
			children = (
				B567AF7421F89E5C00A017AE /* Base */,
			);
			name = LaunchScreen.storyboard;
			sourceTree = "<group>";
		};
/* End PBXVariantGroup section */

/* Begin XCBuildConfiguration section */
		B567AF7721F89E5C00A017AE /* Debug */ = {
			isa = XCBuildConfiguration;
			buildSettings = {
				ALWAYS_SEARCH_USER_PATHS = NO;
				CLANG_ANALYZER_NONNULL = YES;
				CLANG_ANALYZER_NUMBER_OBJECT_CONVERSION = YES_AGGRESSIVE;
				CLANG_CXX_LANGUAGE_STANDARD = "gnu++14";
				CLANG_CXX_LIBRARY = "libc++";
				CLANG_ENABLE_MODULES = YES;
				CLANG_ENABLE_OBJC_ARC = YES;
				CLANG_ENABLE_OBJC_WEAK = YES;
				CLANG_WARN_BLOCK_CAPTURE_AUTORELEASING = YES;
				CLANG_WARN_BOOL_CONVERSION = YES;
				CLANG_WARN_COMMA = YES;
				CLANG_WARN_CONSTANT_CONVERSION = YES;
				CLANG_WARN_DEPRECATED_OBJC_IMPLEMENTATIONS = YES;
				CLANG_WARN_DIRECT_OBJC_ISA_USAGE = YES_ERROR;
				CLANG_WARN_DOCUMENTATION_COMMENTS = YES;
				CLANG_WARN_EMPTY_BODY = YES;
				CLANG_WARN_ENUM_CONVERSION = YES;
				CLANG_WARN_INFINITE_RECURSION = YES;
				CLANG_WARN_INT_CONVERSION = YES;
				CLANG_WARN_NON_LITERAL_NULL_CONVERSION = YES;
				CLANG_WARN_OBJC_IMPLICIT_RETAIN_SELF = YES;
				CLANG_WARN_OBJC_LITERAL_CONVERSION = YES;
				CLANG_WARN_OBJC_ROOT_CLASS = YES_ERROR;
				CLANG_WARN_QUOTED_INCLUDE_IN_FRAMEWORK_HEADER = YES;
				CLANG_WARN_RANGE_LOOP_ANALYSIS = YES;
				CLANG_WARN_STRICT_PROTOTYPES = YES;
				CLANG_WARN_SUSPICIOUS_MOVE = YES;
				CLANG_WARN_UNGUARDED_AVAILABILITY = YES_AGGRESSIVE;
				CLANG_WARN_UNREACHABLE_CODE = YES;
				CLANG_WARN__DUPLICATE_METHOD_MATCH = YES;
				CODE_SIGN_IDENTITY = "iPhone Developer";
				COPY_PHASE_STRIP = NO;
				DEBUG_INFORMATION_FORMAT = dwarf;
				ENABLE_STRICT_OBJC_MSGSEND = YES;
				ENABLE_TESTABILITY = YES;
				GCC_C_LANGUAGE_STANDARD = gnu11;
				GCC_DYNAMIC_NO_PIC = NO;
				GCC_NO_COMMON_BLOCKS = YES;
				GCC_OPTIMIZATION_LEVEL = 0;
				GCC_PREPROCESSOR_DEFINITIONS = (
					"DEBUG=1",
					"$(inherited)",
				);
				GCC_WARN_64_TO_32_BIT_CONVERSION = YES;
				GCC_WARN_ABOUT_RETURN_TYPE = YES_ERROR;
				GCC_WARN_UNDECLARED_SELECTOR = YES;
				GCC_WARN_UNINITIALIZED_AUTOS = YES_AGGRESSIVE;
				GCC_WARN_UNUSED_FUNCTION = YES;
				GCC_WARN_UNUSED_VARIABLE = YES;
				IPHONEOS_DEPLOYMENT_TARGET = 12.1;
				MTL_ENABLE_DEBUG_INFO = INCLUDE_SOURCE;
				MTL_FAST_MATH = YES;
				ONLY_ACTIVE_ARCH = YES;
				SDKROOT = iphoneos;
				SWIFT_ACTIVE_COMPILATION_CONDITIONS = DEBUG;
				SWIFT_OPTIMIZATION_LEVEL = "-Onone";
			};
			name = Debug;
		};
		B567AF7821F89E5C00A017AE /* Release */ = {
			isa = XCBuildConfiguration;
			buildSettings = {
				ALWAYS_SEARCH_USER_PATHS = NO;
				CLANG_ANALYZER_NONNULL = YES;
				CLANG_ANALYZER_NUMBER_OBJECT_CONVERSION = YES_AGGRESSIVE;
				CLANG_CXX_LANGUAGE_STANDARD = "gnu++14";
				CLANG_CXX_LIBRARY = "libc++";
				CLANG_ENABLE_MODULES = YES;
				CLANG_ENABLE_OBJC_ARC = YES;
				CLANG_ENABLE_OBJC_WEAK = YES;
				CLANG_WARN_BLOCK_CAPTURE_AUTORELEASING = YES;
				CLANG_WARN_BOOL_CONVERSION = YES;
				CLANG_WARN_COMMA = YES;
				CLANG_WARN_CONSTANT_CONVERSION = YES;
				CLANG_WARN_DEPRECATED_OBJC_IMPLEMENTATIONS = YES;
				CLANG_WARN_DIRECT_OBJC_ISA_USAGE = YES_ERROR;
				CLANG_WARN_DOCUMENTATION_COMMENTS = YES;
				CLANG_WARN_EMPTY_BODY = YES;
				CLANG_WARN_ENUM_CONVERSION = YES;
				CLANG_WARN_INFINITE_RECURSION = YES;
				CLANG_WARN_INT_CONVERSION = YES;
				CLANG_WARN_NON_LITERAL_NULL_CONVERSION = YES;
				CLANG_WARN_OBJC_IMPLICIT_RETAIN_SELF = YES;
				CLANG_WARN_OBJC_LITERAL_CONVERSION = YES;
				CLANG_WARN_OBJC_ROOT_CLASS = YES_ERROR;
				CLANG_WARN_QUOTED_INCLUDE_IN_FRAMEWORK_HEADER = YES;
				CLANG_WARN_RANGE_LOOP_ANALYSIS = YES;
				CLANG_WARN_STRICT_PROTOTYPES = YES;
				CLANG_WARN_SUSPICIOUS_MOVE = YES;
				CLANG_WARN_UNGUARDED_AVAILABILITY = YES_AGGRESSIVE;
				CLANG_WARN_UNREACHABLE_CODE = YES;
				CLANG_WARN__DUPLICATE_METHOD_MATCH = YES;
				CODE_SIGN_IDENTITY = "iPhone Developer";
				COPY_PHASE_STRIP = NO;
				DEBUG_INFORMATION_FORMAT = "dwarf-with-dsym";
				ENABLE_NS_ASSERTIONS = NO;
				ENABLE_STRICT_OBJC_MSGSEND = YES;
				GCC_C_LANGUAGE_STANDARD = gnu11;
				GCC_NO_COMMON_BLOCKS = YES;
				GCC_WARN_64_TO_32_BIT_CONVERSION = YES;
				GCC_WARN_ABOUT_RETURN_TYPE = YES_ERROR;
				GCC_WARN_UNDECLARED_SELECTOR = YES;
				GCC_WARN_UNINITIALIZED_AUTOS = YES_AGGRESSIVE;
				GCC_WARN_UNUSED_FUNCTION = YES;
				GCC_WARN_UNUSED_VARIABLE = YES;
				IPHONEOS_DEPLOYMENT_TARGET = 12.1;
				MTL_ENABLE_DEBUG_INFO = NO;
				MTL_FAST_MATH = YES;
				SDKROOT = iphoneos;
				SWIFT_COMPILATION_MODE = wholemodule;
				SWIFT_OPTIMIZATION_LEVEL = "-O";
				VALIDATE_PRODUCT = YES;
			};
			name = Release;
		};
		B567AF7A21F89E5C00A017AE /* Debug */ = {
			isa = XCBuildConfiguration;
			buildSettings = {
				ASSETCATALOG_COMPILER_APPICON_NAME = AppIcon;
				CODE_SIGN_STYLE = Automatic;
				DEVELOPMENT_TEAM = Z35KE66Q4P;
				INFOPLIST_FILE = JYRouter/Info.plist;
				LD_RUNPATH_SEARCH_PATHS = (
					"$(inherited)",
					"@executable_path/Frameworks",
				);
				PRODUCT_BUNDLE_IDENTIFIER = JYRouter.JYRouter;
				PRODUCT_NAME = "$(TARGET_NAME)";
				SWIFT_VERSION = 5.0;
				TARGETED_DEVICE_FAMILY = "1,2";
			};
			name = Debug;
		};
		B567AF7B21F89E5C00A017AE /* Release */ = {
			isa = XCBuildConfiguration;
			buildSettings = {
				ASSETCATALOG_COMPILER_APPICON_NAME = AppIcon;
				CODE_SIGN_STYLE = Automatic;
				DEVELOPMENT_TEAM = Z35KE66Q4P;
				INFOPLIST_FILE = JYRouter/Info.plist;
				LD_RUNPATH_SEARCH_PATHS = (
					"$(inherited)",
					"@executable_path/Frameworks",
				);
				PRODUCT_BUNDLE_IDENTIFIER = JYRouter.JYRouter;
				PRODUCT_NAME = "$(TARGET_NAME)";
				SWIFT_VERSION = 5.0;
				TARGETED_DEVICE_FAMILY = "1,2";
			};
			name = Release;
		};
/* End XCBuildConfiguration section */

/* Begin XCConfigurationList section */
		B567AF6221F89E5B00A017AE /* Build configuration list for PBXProject "JYRouter" */ = {
			isa = XCConfigurationList;
			buildConfigurations = (
				B567AF7721F89E5C00A017AE /* Debug */,
				B567AF7821F89E5C00A017AE /* Release */,
			);
			defaultConfigurationIsVisible = 0;
			defaultConfigurationName = Release;
		};
		B567AF7921F89E5C00A017AE /* Build configuration list for PBXNativeTarget "JYRouter" */ = {
			isa = XCConfigurationList;
			buildConfigurations = (
				B567AF7A21F89E5C00A017AE /* Debug */,
				B567AF7B21F89E5C00A017AE /* Release */,
			);
			defaultConfigurationIsVisible = 0;
			defaultConfigurationName = Release;
		};
/* End XCConfigurationList section */
	};
	rootObject = B567AF5F21F89E5B00A017AE /* Project object */;
}
